
Microsoft Visual Studio Solution File, Format Version 12.00
# Visual Studio Version 17
VisualStudioVersion = 17.14.36616.10
MinimumVisualStudioVersion = 10.0.40219.1
Project("{9A19103F-16F7-4668-BE54-9A1E7A4F7556}") = "theFlange", "Flange1\theFlange.csproj", "{2DE5A109-026B-4475-9223-4D5F6B15444B}"
EndProject
Project("{9A19103F-16F7-4668-BE54-9A1E7A4F7556}") = "Models", "Models\Models.csproj", "{D3CAD1CE-B9EA-4CE3-805F-5A897276159D}"
EndProject
Project("{9A19103F-16F7-4668-BE54-9A1E7A4F7556}") = "Wrapper", "Wrapper\Wrapper.csproj", "{0CA15048-0E2E-4A5A-9C78-E598131B3926}"
EndProject
Project("{9A19103F-16F7-4668-BE54-9A1E7A4F7556}") = "UnitTest", "UnitTest\UnitTest.csproj", "{707E4D6B-6C1C-48A5-97A4-BC066FA77A97}"
EndProject
Global
	GlobalSection(SolutionConfigurationPlatforms) = preSolution
		Debug|Any CPU = Debug|Any CPU
		Release|Any CPU = Release|Any CPU
	EndGlobalSection
	GlobalSection(ProjectConfigurationPlatforms) = postSolution
		{2DE5A109-026B-4475-9223-4D5F6B15444B}.Debug|Any CPU.ActiveCfg = Debug|Any CPU
		{2DE5A109-026B-4475-9223-4D5F6B15444B}.Debug|Any CPU.Build.0 = Debug|Any CPU
		{2DE5A109-026B-4475-9223-4D5F6B15444B}.Release|Any CPU.ActiveCfg = Release|Any CPU
		{2DE5A109-026B-4475-9223-4D5F6B15444B}.Release|Any CPU.Build.0 = Release|Any CPU
		{D3CAD1CE-B9EA-4CE3-805F-5A897276159D}.Debug|Any CPU.ActiveCfg = Debug|Any CPU
		{D3CAD1CE-B9EA-4CE3-805F-5A897276159D}.Debug|Any CPU.Build.0 = Debug|Any CPU
		{D3CAD1CE-B9EA-4CE3-805F-5A897276159D}.Release|Any CPU.ActiveCfg = Release|Any CPU
		{D3CAD1CE-B9EA-4CE3-805F-5A897276159D}.Release|Any CPU.Build.0 = Release|Any CPU
		{0CA15048-0E2E-4A5A-9C78-E598131B3926}.Debug|Any CPU.ActiveCfg = Debug|Any CPU
		{0CA15048-0E2E-4A5A-9C78-E598131B3926}.Debug|Any CPU.Build.0 = Debug|Any CPU
		{0CA15048-0E2E-4A5A-9C78-E598131B3926}.Release|Any CPU.ActiveCfg = Release|Any CPU
		{0CA15048-0E2E-4A5A-9C78-E598131B3926}.Release|Any CPU.Build.0 = Release|Any CPU
		{707E4D6B-6C1C-48A5-97A4-BC066FA77A97}.Debug|Any CPU.ActiveCfg = Debug|Any CPU
		{707E4D6B-6C1C-48A5-97A4-BC066FA77A97}.Debug|Any CPU.Build.0 = Debug|Any CPU
		{707E4D6B-6C1C-48A5-97A4-BC066FA77A97}.Release|Any CPU.ActiveCfg = Release|Any CPU
		{707E4D6B-6C1C-48A5-97A4-BC066FA77A97}.Release|Any CPU.Build.0 = Release|Any CPU
	EndGlobalSection
	GlobalSection(SolutionProperties) = preSolution
		HideSolutionNode = FALSE
	EndGlobalSection
	GlobalSection(ExtensibilityGlobals) = postSolution
		SolutionGuid = {7AD91952-255D-45A9-AF13-9756B5FEB800}
	EndGlobalSection
EndGlobal
